
Microsoft Visual Studio Solution File, Format Version 12.00
# Visual Studio Version 17
VisualStudioVersion = 17.3.32901.215
MinimumVisualStudioVersion = 10.0.40219.1
Project("{FAE04EC0-301F-11D3-BF4B-00C04F79EFBC}") = "ABC_Hospital_Web_Service", "ABC_Hospital_Web_Service\ABC_Hospital_Web_Service.csproj", "{B4396FFE-DBD8-42F9-9555-540F46DFEB43}"
EndProject
Global
	GlobalSection(SolutionConfigurationPlatforms) = preSolution
		Debug|Any CPU = Debug|Any CPU
		Release|Any CPU = Release|Any CPU
	EndGlobalSection
	GlobalSection(ProjectConfigurationPlatforms) = postSolution
		{B4396FFE-DBD8-42F9-9555-540F46DFEB43}.Debug|Any CPU.ActiveCfg = Debug|Any CPU
		{B4396FFE-DBD8-42F9-9555-540F46DFEB43}.Debug|Any CPU.Build.0 = Debug|Any CPU
		{B4396FFE-DBD8-42F9-9555-540F46DFEB43}.Release|Any CPU.ActiveCfg = Release|Any CPU
		{B4396FFE-DBD8-42F9-9555-540F46DFEB43}.Release|Any CPU.Build.0 = Release|Any CPU
	EndGlobalSection
	GlobalSection(SolutionProperties) = preSolution
		HideSolutionNode = FALSE
	EndGlobalSection
	GlobalSection(ExtensibilityGlobals) = postSolution
		SolutionGuid = {066FCE65-B7CF-4B4B-9055-F025DC531A78}
	EndGlobalSection
EndGlobal
